
Microsoft Visual Studio Solution File, Format Version 12.00
Project("{FAE04EC0-301F-11D3-BF4B-00C04F79EFBC}") = "Freq_Algoritmia_Ex1e2", "Freq_Algoritmia_Ex1e2.csproj", "{AF13232C-4452-433D-A7B7-B4D94124EB24}"
EndProject
Global
	GlobalSection(SolutionConfigurationPlatforms) = preSolution
		Debug|Any CPU = Debug|Any CPU
		Release|Any CPU = Release|Any CPU
	EndGlobalSection
	GlobalSection(ProjectConfigurationPlatforms) = postSolution
		{AF13232C-4452-433D-A7B7-B4D94124EB24}.Debug|Any CPU.ActiveCfg = Debug|Any CPU
		{AF13232C-4452-433D-A7B7-B4D94124EB24}.Debug|Any CPU.Build.0 = Debug|Any CPU
		{AF13232C-4452-433D-A7B7-B4D94124EB24}.Release|Any CPU.ActiveCfg = Release|Any CPU
		{AF13232C-4452-433D-A7B7-B4D94124EB24}.Release|Any CPU.Build.0 = Release|Any CPU
	EndGlobalSection
EndGlobal
