
Microsoft Visual Studio Solution File, Format Version 12.00
# Visual Studio Version 16
VisualStudioVersion = 16.0.31702.278
MinimumVisualStudioVersion = 10.0.40219.1
Project("{FAE04EC0-301F-11D3-BF4B-00C04F79EFBC}") = "multiplicar", "multiplicar\multiplicar.csproj", "{6B510F44-0D8C-49C2-925A-F3891346260B}"
EndProject
Global
	GlobalSection(SolutionConfigurationPlatforms) = preSolution
		Debug|Any CPU = Debug|Any CPU
		Release|Any CPU = Release|Any CPU
	EndGlobalSection
	GlobalSection(ProjectConfigurationPlatforms) = postSolution
		{6B510F44-0D8C-49C2-925A-F3891346260B}.Debug|Any CPU.ActiveCfg = Debug|Any CPU
		{6B510F44-0D8C-49C2-925A-F3891346260B}.Debug|Any CPU.Build.0 = Debug|Any CPU
		{6B510F44-0D8C-49C2-925A-F3891346260B}.Release|Any CPU.ActiveCfg = Release|Any CPU
		{6B510F44-0D8C-49C2-925A-F3891346260B}.Release|Any CPU.Build.0 = Release|Any CPU
	EndGlobalSection
	GlobalSection(SolutionProperties) = preSolution
		HideSolutionNode = FALSE
	EndGlobalSection
	GlobalSection(ExtensibilityGlobals) = postSolution
		SolutionGuid = {6A301F59-677D-49CB-9182-E9A5B84AC0B0}
	EndGlobalSection
EndGlobal
